{
  "requires": true,
  "lockfileVersion": 1,
  "dependencies": {
    "@types/lodash": {
      "version": "3.10.2",
      "resolved": "https://registry.npmjs.org/@types/lodash/-/lodash-3.10.2.tgz",
      "integrity": "sha512-TmlYodTNhMzVzv3CK/9sXGzh31jWsRKHE3faczhVgYFCdXIRQRCOPD+0NDlR+SvJlCj914yP3q3aAupt53p2Ug==",
      "dev": true
    },
    "@types/node": {
      "version": "14.14.28",
      "resolved": "https://registry.npmjs.org/@types/node/-/node-14.14.28.tgz",
      "integrity": "sha512-lg55ArB+ZiHHbBBttLpzD07akz0QPrZgUODNakeC09i62dnrywr9mFErHuaPlB6I7z+sEbK+IYmplahvplCj2g=="
    },
    "@types/screeps": {
      "version": "3.2.1",
      "resolved": "https://registry.npmjs.org/@types/screeps/-/screeps-3.2.1.tgz",
      "integrity": "sha512-5xTVk0lyhzQ8VrcLLbBkWcnM9OrDZGfu0HgI1MUg3+oc45h5xnl9J7mFoWSjVR518yZcck5m6eskGy47gaHQ9A=="
    }
  }
}
